<?xml version="1.0" encoding="utf-8"?>
<Project ToolsVersion="4.0" xmlns="http://schemas.microsoft.com/developer/msbuild/2003">
  <ItemGroup>
    <Filter Include="소스 파일">
      <UniqueIdentifier>{4FC737F1-C7A5-4376-A066-2A32D752A2FF}</UniqueIdentifier>
      <Extensions>cpp;c;cc;cxx;c++;def;odl;idl;hpj;bat;asm;asmx</Extensions>
    </Filter>
    <Filter Include="헤더 파일">
      <UniqueIdentifier>{93995380-89BD-4b04-88EB-625FBE52EBFB}</UniqueIdentifier>
      <Extensions>h;hh;hpp;hxx;h++;hm;inl;inc;ipp;xsd</Extensions>
    </Filter>
    <Filter Include="리소스 파일">
      <UniqueIdentifier>{67DA6AB6-F800-4c08-8B7A-83BB121AAD01}</UniqueIdentifier>
      <Extensions>rc;ico;cur;bmp;dlg;rc2;rct;bin;rgs;gif;jpg;jpeg;jpe;resx;tiff;tif;png;wav;mfcribbon-ms</Extensions>
    </Filter>
  </ItemGroup>
  <ItemGroup>
    <ClCompile Include="Instruction_Memory\Instruction_Memory.cpp">
      <Filter>소스 파일</Filter>
    </ClCompile>
    <ClCompile Include="mpipe_src\MainExecuter.cpp">
      <Filter>소스 파일</Filter>
    </ClCompile>
    <ClCompile Include="Register\Register.cpp">
      <Filter>소스 파일</Filter>
    </ClCompile>
    <ClCompile Include="Register\RMem.cpp">
      <Filter>소스 파일</Filter>
    </ClCompile>
    <ClCompile Include="ALU_control\ALU_control.cpp">
      <Filter>소스 파일</Filter>
    </ClCompile>
    <ClCompile Include="Control\Control.cpp">
      <Filter>소스 파일</Filter>
    </ClCompile>
    <ClCompile Include="Data_Memory\DMem.cpp">
      <Filter>소스 파일</Filter>
    </ClCompile>
    <ClCompile Include="ALU\ALU.cpp">
      <Filter>소스 파일</Filter>
    </ClCompile>
    <ClCompile Include="main.cpp">
      <Filter>소스 파일</Filter>
    </ClCompile>
    <ClCompile Include="File_Read.cpp">
      <Filter>소스 파일</Filter>
    </ClCompile>
  </ItemGroup>
  <ItemGroup>
    <ClInclude Include="ALU_control\ALU_control.h">
      <Filter>헤더 파일</Filter>
    </ClInclude>
    <ClInclude Include="Control\Control.h">
      <Filter>헤더 파일</Filter>
    </ClInclude>
    <ClInclude Include="Data_Memory\DMem.h">
      <Filter>헤더 파일</Filter>
    </ClInclude>
    <ClInclude Include="Instruction_Memory\Instruction_Memory.h">
      <Filter>헤더 파일</Filter>
    </ClInclude>
    <ClInclude Include="mpipe_src\MainExecuter.h">
      <Filter>헤더 파일</Filter>
    </ClInclude>
    <ClInclude Include="Register\Register.h">
      <Filter>헤더 파일</Filter>
    </ClInclude>
    <ClInclude Include="Register\RMem.h">
      <Filter>헤더 파일</Filter>
    </ClInclude>
    <ClInclude Include="ALU\ALU.h">
      <Filter>헤더 파일</Filter>
    </ClInclude>
    <ClInclude Include="File_Read.h">
      <Filter>헤더 파일</Filter>
    </ClInclude>
  </ItemGroup>
</Project>